{
  "object": {
    "pins": [
      {
        "package": "GRDB",
        "repositoryURL": "https://github.com/groue/GRDB.swift.git",
        "state": {
          "branch": null,
          "revision": "5ee47c3c2765bdfde0f44c2ea9a263f6aa252d63",
          "version": "4.14.0"
        }
      },
      {
        "package": "swift-crypto",
        "repositoryURL": "https://github.com/apple/swift-crypto",
        "state": {
          "branch": null,
          "revision": "9b9d1868601a199334da5d14f4ab2d37d4f8d0c5",
          "version": "1.0.2"
        }
      },
      {
        "package": "HexString",
        "repositoryURL": "https://github.com/katalysis-io/swift-hex-string.git",
        "state": {
          "branch": null,
          "revision": "61718ed9c1902a76744ffc84b432e8e8e0788ab2",
          "version": "0.4.0"
        }
      },
      {
        "package": "iAVLPlus",
        "repositoryURL": "https://github.com/cosmosswift/swift-iavlplus.git",
        "state": {
          "branch": null,
          "revision": "dc44592c98401ab08921a2b101a12e934bc802c3",
          "version": "0.2.0"
        }
      },
      {
        "package": "SwiftMint",
        "repositoryURL": "https://github.com/cosmosswift/swift-mint.git",
        "state": {
          "branch": null,
          "revision": "08a94c2145797636af24e5bf7e05f485dabb790f",
          "version": "0.3.2"
        }
      }
    ]
  },
  "version": 1
}
